
Microsoft Visual Studio Solution File, Format Version 12.00
# Visual Studio Version 17
VisualStudioVersion = 17.14.36518.9 d17.14
MinimumVisualStudioVersion = 10.0.40219.1
Project("{FAE04EC0-301F-11D3-BF4B-00C04F79EFBC}") = "UserActivityLogger", "UserActivityLogger\UserActivityLogger.csproj", "{272C0B05-4DD5-4BBA-921B-D9E4FD33A65F}"
EndProject
Global
	GlobalSection(SolutionConfigurationPlatforms) = preSolution
		Debug|Any CPU = Debug|Any CPU
		Release|Any CPU = Release|Any CPU
	EndGlobalSection
	GlobalSection(ProjectConfigurationPlatforms) = postSolution
		{272C0B05-4DD5-4BBA-921B-D9E4FD33A65F}.Debug|Any CPU.ActiveCfg = Debug|Any CPU
		{272C0B05-4DD5-4BBA-921B-D9E4FD33A65F}.Debug|Any CPU.Build.0 = Debug|Any CPU
		{272C0B05-4DD5-4BBA-921B-D9E4FD33A65F}.Release|Any CPU.ActiveCfg = Release|Any CPU
		{272C0B05-4DD5-4BBA-921B-D9E4FD33A65F}.Release|Any CPU.Build.0 = Release|Any CPU
	EndGlobalSection
	GlobalSection(SolutionProperties) = preSolution
		HideSolutionNode = FALSE
	EndGlobalSection
	GlobalSection(ExtensibilityGlobals) = postSolution
		SolutionGuid = {433EF317-16A7-417E-B856-DE6CA6AC91AC}
	EndGlobalSection
EndGlobal
